// !$*UTF8*$!
{
	archiveVersion = 1;
	classes = {
	};
	objectVersion = 50;
	objects = {

/* Begin PBXBuildFile section */
		013AB843257D112800490AE7 /* MovieTableViewCell.swift in Sources */ = {isa = PBXBuildFile; fileRef = 013AB841257D112800490AE7 /* MovieTableViewCell.swift */; };
		013AB844257D112800490AE7 /* MovieTableViewCell.xib in Resources */ = {isa = PBXBuildFile; fileRef = 013AB842257D112800490AE7 /* MovieTableViewCell.xib */; };
		013AB84B257D1B4C00490AE7 /* HTTPClient.swift in Sources */ = {isa = PBXBuildFile; fileRef = 013AB84A257D1B4C00490AE7 /* HTTPClient.swift */; };
		013AB84F257D1EF100490AE7 /* HTTPClientError.swift in Sources */ = {isa = PBXBuildFile; fileRef = 013AB84E257D1EF100490AE7 /* HTTPClientError.swift */; };
		013AB852257D2F0600490AE7 /* TMDBAPIService.swift in Sources */ = {isa = PBXBuildFile; fileRef = 013AB851257D2F0600490AE7 /* TMDBAPIService.swift */; };
		013AB856257D323B00490AE7 /* Movie.swift in Sources */ = {isa = PBXBuildFile; fileRef = 013AB855257D323B00490AE7 /* Movie.swift */; };
		013AB85B257D366E00490AE7 /* TMDBAPIServiceResponses.swift in Sources */ = {isa = PBXBuildFile; fileRef = 013AB85A257D366E00490AE7 /* TMDBAPIServiceResponses.swift */; };
		013AB860257D3B9000490AE7 /* StaticFactory.swift in Sources */ = {isa = PBXBuildFile; fileRef = 013AB85F257D3B9000490AE7 /* StaticFactory.swift */; };
		013AB863257D402700490AE7 /* MovieItemViewModel.swift in Sources */ = {isa = PBXBuildFile; fileRef = 013AB862257D402700490AE7 /* MovieItemViewModel.swift */; };
		013C800C257BE8D900C001E7 /* AppDelegate.swift in Sources */ = {isa = PBXBuildFile; fileRef = 013C800B257BE8D900C001E7 /* AppDelegate.swift */; };
		013C800E257BE8D900C001E7 /* SceneDelegate.swift in Sources */ = {isa = PBXBuildFile; fileRef = 013C800D257BE8D900C001E7 /* SceneDelegate.swift */; };
		013C8010257BE8D900C001E7 /* MoviesViewController.swift in Sources */ = {isa = PBXBuildFile; fileRef = 013C800F257BE8D900C001E7 /* MoviesViewController.swift */; };
		013C8013257BE8D900C001E7 /* Main.storyboard in Resources */ = {isa = PBXBuildFile; fileRef = 013C8011257BE8D900C001E7 /* Main.storyboard */; };
		013C8015257BE8DB00C001E7 /* Assets.xcassets in Resources */ = {isa = PBXBuildFile; fileRef = 013C8014257BE8DB00C001E7 /* Assets.xcassets */; };
		013C8018257BE8DB00C001E7 /* LaunchScreen.storyboard in Resources */ = {isa = PBXBuildFile; fileRef = 013C8016257BE8DB00C001E7 /* LaunchScreen.storyboard */; };
		01D042A8257D51330065969D /* Observable.swift in Sources */ = {isa = PBXBuildFile; fileRef = 01D042A7257D51330065969D /* Observable.swift */; };
		01D042AB257D51650065969D /* MoviesViewModel.swift in Sources */ = {isa = PBXBuildFile; fileRef = 01D042AA257D51650065969D /* MoviesViewModel.swift */; };
		01D042AE257D5C4C0065969D /* AppCoordinator.swift in Sources */ = {isa = PBXBuildFile; fileRef = 01D042AD257D5C4C0065969D /* AppCoordinator.swift */; };
		01D042B2257D621D0065969D /* UIImageExtension.swift in Sources */ = {isa = PBXBuildFile; fileRef = 01D042B1257D621D0065969D /* UIImageExtension.swift */; };
/* End PBXBuildFile section */

/* Begin PBXFileReference section */
		013AB841257D112800490AE7 /* MovieTableViewCell.swift */ = {isa = PBXFileReference; lastKnownFileType = sourcecode.swift; path = MovieTableViewCell.swift; sourceTree = "<group>"; };
		013AB842257D112800490AE7 /* MovieTableViewCell.xib */ = {isa = PBXFileReference; lastKnownFileType = file.xib; path = MovieTableViewCell.xib; sourceTree = "<group>"; };
		013AB84A257D1B4C00490AE7 /* HTTPClient.swift */ = {isa = PBXFileReference; lastKnownFileType = sourcecode.swift; path = HTTPClient.swift; sourceTree = "<group>"; };
		013AB84E257D1EF100490AE7 /* HTTPClientError.swift */ = {isa = PBXFileReference; lastKnownFileType = sourcecode.swift; path = HTTPClientError.swift; sourceTree = "<group>"; };
		013AB851257D2F0600490AE7 /* TMDBAPIService.swift */ = {isa = PBXFileReference; lastKnownFileType = sourcecode.swift; path = TMDBAPIService.swift; sourceTree = "<group>"; };
		013AB855257D323B00490AE7 /* Movie.swift */ = {isa = PBXFileReference; lastKnownFileType = sourcecode.swift; path = Movie.swift; sourceTree = "<group>"; };
		013AB85A257D366E00490AE7 /* TMDBAPIServiceResponses.swift */ = {isa = PBXFileReference; lastKnownFileType = sourcecode.swift; path = TMDBAPIServiceResponses.swift; sourceTree = "<group>"; };
		013AB85F257D3B9000490AE7 /* StaticFactory.swift */ = {isa = PBXFileReference; lastKnownFileType = sourcecode.swift; path = StaticFactory.swift; sourceTree = "<group>"; };
		013AB862257D402700490AE7 /* MovieItemViewModel.swift */ = {isa = PBXFileReference; lastKnownFileType = sourcecode.swift; path = MovieItemViewModel.swift; sourceTree = "<group>"; };
		013C8008257BE8D900C001E7 /* Lampa_TestTask.app */ = {isa = PBXFileReference; explicitFileType = wrapper.application; includeInIndex = 0; path = Lampa_TestTask.app; sourceTree = BUILT_PRODUCTS_DIR; };
		013C800B257BE8D900C001E7 /* AppDelegate.swift */ = {isa = PBXFileReference; lastKnownFileType = sourcecode.swift; path = AppDelegate.swift; sourceTree = "<group>"; };
		013C800D257BE8D900C001E7 /* SceneDelegate.swift */ = {isa = PBXFileReference; lastKnownFileType = sourcecode.swift; path = SceneDelegate.swift; sourceTree = "<group>"; };
		013C800F257BE8D900C001E7 /* MoviesViewController.swift */ = {isa = PBXFileReference; lastKnownFileType = sourcecode.swift; path = MoviesViewController.swift; sourceTree = "<group>"; };
		013C8012257BE8D900C001E7 /* Base */ = {isa = PBXFileReference; lastKnownFileType = file.storyboard; name = Base; path = Base.lproj/Main.storyboard; sourceTree = "<group>"; };
		013C8014257BE8DB00C001E7 /* Assets.xcassets */ = {isa = PBXFileReference; lastKnownFileType = folder.assetcatalog; path = Assets.xcassets; sourceTree = "<group>"; };
		013C8017257BE8DB00C001E7 /* Base */ = {isa = PBXFileReference; lastKnownFileType = file.storyboard; name = Base; path = Base.lproj/LaunchScreen.storyboard; sourceTree = "<group>"; };
		013C8019257BE8DB00C001E7 /* Info.plist */ = {isa = PBXFileReference; lastKnownFileType = text.plist.xml; path = Info.plist; sourceTree = "<group>"; };
		01D042A7257D51330065969D /* Observable.swift */ = {isa = PBXFileReference; lastKnownFileType = sourcecode.swift; path = Observable.swift; sourceTree = "<group>"; };
		01D042AA257D51650065969D /* MoviesViewModel.swift */ = {isa = PBXFileReference; lastKnownFileType = sourcecode.swift; path = MoviesViewModel.swift; sourceTree = "<group>"; };
		01D042AD257D5C4C0065969D /* AppCoordinator.swift */ = {isa = PBXFileReference; lastKnownFileType = sourcecode.swift; path = AppCoordinator.swift; sourceTree = "<group>"; };
		01D042B1257D621D0065969D /* UIImageExtension.swift */ = {isa = PBXFileReference; lastKnownFileType = sourcecode.swift; path = UIImageExtension.swift; sourceTree = "<group>"; };
/* End PBXFileReference section */

/* Begin PBXFrameworksBuildPhase section */
		013C8005257BE8D900C001E7 /* Frameworks */ = {
			isa = PBXFrameworksBuildPhase;
			buildActionMask = 2147483647;
			files = (
			);
			runOnlyForDeploymentPostprocessing = 0;
		};
/* End PBXFrameworksBuildPhase section */

/* Begin PBXGroup section */
		013AB840257D10E200490AE7 /* TableViewCell */ = {
			isa = PBXGroup;
			children = (
				013AB841257D112800490AE7 /* MovieTableViewCell.swift */,
				013AB842257D112800490AE7 /* MovieTableViewCell.xib */,
			);
			path = TableViewCell;
			sourceTree = "<group>";
		};
		013AB848257D192000490AE7 /* Services */ = {
			isa = PBXGroup;
			children = (
				013AB849257D192F00490AE7 /* Networking */,
			);
			path = Services;
			sourceTree = "<group>";
		};
		013AB849257D192F00490AE7 /* Networking */ = {
			isa = PBXGroup;
			children = (
				013AB84A257D1B4C00490AE7 /* HTTPClient.swift */,
				013AB84E257D1EF100490AE7 /* HTTPClientError.swift */,
				013AB851257D2F0600490AE7 /* TMDBAPIService.swift */,
				013AB85A257D366E00490AE7 /* TMDBAPIServiceResponses.swift */,
			);
			path = Networking;
			sourceTree = "<group>";
		};
		013AB854257D314500490AE7 /* Models */ = {
			isa = PBXGroup;
			children = (
				013AB855257D323B00490AE7 /* Movie.swift */,
			);
			path = Models;
			sourceTree = "<group>";
		};
		013AB85D257D396F00490AE7 /* Utils */ = {
			isa = PBXGroup;
			children = (
				013AB85F257D3B9000490AE7 /* StaticFactory.swift */,
				01D042A7257D51330065969D /* Observable.swift */,
				01D042AD257D5C4C0065969D /* AppCoordinator.swift */,
			);
			path = Utils;
			sourceTree = "<group>";
		};
		013C7FFF257BE8D900C001E7 = {
			isa = PBXGroup;
			children = (
				013C800A257BE8D900C001E7 /* Lampa_TestTask */,
				013C8009257BE8D900C001E7 /* Products */,
			);
			sourceTree = "<group>";
		};
		013C8009257BE8D900C001E7 /* Products */ = {
			isa = PBXGroup;
			children = (
				013C8008257BE8D900C001E7 /* Lampa_TestTask.app */,
			);
			name = Products;
			sourceTree = "<group>";
		};
		013C800A257BE8D900C001E7 /* Lampa_TestTask */ = {
			isa = PBXGroup;
			children = (
				01D042B0257D62070065969D /* Extensions */,
				013AB848257D192000490AE7 /* Services */,
				013AB854257D314500490AE7 /* Models */,
				013C8028257BFDAD00C001E7 /* Scenes */,
				013C8026257BF3EC00C001E7 /* Storyboards */,
				013AB85D257D396F00490AE7 /* Utils */,
				013C800B257BE8D900C001E7 /* AppDelegate.swift */,
				013C800D257BE8D900C001E7 /* SceneDelegate.swift */,
				013C8014257BE8DB00C001E7 /* Assets.xcassets */,
				013C8016257BE8DB00C001E7 /* LaunchScreen.storyboard */,
				013C8019257BE8DB00C001E7 /* Info.plist */,
			);
			path = Lampa_TestTask;
			sourceTree = "<group>";
		};
		013C8026257BF3EC00C001E7 /* Storyboards */ = {
			isa = PBXGroup;
			children = (
				013C8011257BE8D900C001E7 /* Main.storyboard */,
			);
			path = Storyboards;
			sourceTree = "<group>";
		};
		013C8028257BFDAD00C001E7 /* Scenes */ = {
			isa = PBXGroup;
			children = (
				013C8029257BFDB800C001E7 /* Movies */,
			);
			path = Scenes;
			sourceTree = "<group>";
		};
		013C8029257BFDB800C001E7 /* Movies */ = {
			isa = PBXGroup;
			children = (
				013AB840257D10E200490AE7 /* TableViewCell */,
				013C800F257BE8D900C001E7 /* MoviesViewController.swift */,
				013AB862257D402700490AE7 /* MovieItemViewModel.swift */,
				01D042AA257D51650065969D /* MoviesViewModel.swift */,
			);
			path = Movies;
			sourceTree = "<group>";
		};
		01D042B0257D62070065969D /* Extensions */ = {
			isa = PBXGroup;
			children = (
				01D042B1257D621D0065969D /* UIImageExtension.swift */,
			);
			path = Extensions;
			sourceTree = "<group>";
		};
/* End PBXGroup section */

/* Begin PBXNativeTarget section */
		013C8007257BE8D900C001E7 /* Lampa_TestTask */ = {
			isa = PBXNativeTarget;
			buildConfigurationList = 013C801C257BE8DB00C001E7 /* Build configuration list for PBXNativeTarget "Lampa_TestTask" */;
			buildPhases = (
				013C8004257BE8D900C001E7 /* Sources */,
				013C8005257BE8D900C001E7 /* Frameworks */,
				013C8006257BE8D900C001E7 /* Resources */,
			);
			buildRules = (
			);
			dependencies = (
			);
			name = Lampa_TestTask;
			productName = Lampa_TestTask;
			productReference = 013C8008257BE8D900C001E7 /* Lampa_TestTask.app */;
			productType = "com.apple.product-type.application";
		};
/* End PBXNativeTarget section */

/* Begin PBXProject section */
		013C8000257BE8D900C001E7 /* Project object */ = {
			isa = PBXProject;
			attributes = {
				LastSwiftUpdateCheck = 1220;
				LastUpgradeCheck = 1220;
				TargetAttributes = {
					013C8007257BE8D900C001E7 = {
						CreatedOnToolsVersion = 12.2;
					};
				};
			};
			buildConfigurationList = 013C8003257BE8D900C001E7 /* Build configuration list for PBXProject "Lampa_TestTask" */;
			compatibilityVersion = "Xcode 9.3";
			developmentRegion = en;
			hasScannedForEncodings = 0;
			knownRegions = (
				en,
				Base,
			);
			mainGroup = 013C7FFF257BE8D900C001E7;
			productRefGroup = 013C8009257BE8D900C001E7 /* Products */;
			projectDirPath = "";
			projectRoot = "";
			targets = (
				013C8007257BE8D900C001E7 /* Lampa_TestTask */,
			);
		};
/* End PBXProject section */

/* Begin PBXResourcesBuildPhase section */
		013C8006257BE8D900C001E7 /* Resources */ = {
			isa = PBXResourcesBuildPhase;
			buildActionMask = 2147483647;
			files = (
				013C8018257BE8DB00C001E7 /* LaunchScreen.storyboard in Resources */,
				013C8015257BE8DB00C001E7 /* Assets.xcassets in Resources */,
				013AB844257D112800490AE7 /* MovieTableViewCell.xib in Resources */,
				013C8013257BE8D900C001E7 /* Main.storyboard in Resources */,
			);
			runOnlyForDeploymentPostprocessing = 0;
		};
/* End PBXResourcesBuildPhase section */

/* Begin PBXSourcesBuildPhase section */
		013C8004257BE8D900C001E7 /* Sources */ = {
			isa = PBXSourcesBuildPhase;
			buildActionMask = 2147483647;
			files = (
				013AB860257D3B9000490AE7 /* StaticFactory.swift in Sources */,
				013AB85B257D366E00490AE7 /* TMDBAPIServiceResponses.swift in Sources */,
				013C8010257BE8D900C001E7 /* MoviesViewController.swift in Sources */,
				013AB852257D2F0600490AE7 /* TMDBAPIService.swift in Sources */,
				01D042A8257D51330065969D /* Observable.swift in Sources */,
				013AB863257D402700490AE7 /* MovieItemViewModel.swift in Sources */,
				01D042AE257D5C4C0065969D /* AppCoordinator.swift in Sources */,
				013AB84B257D1B4C00490AE7 /* HTTPClient.swift in Sources */,
				01D042B2257D621D0065969D /* UIImageExtension.swift in Sources */,
				01D042AB257D51650065969D /* MoviesViewModel.swift in Sources */,
				013C800C257BE8D900C001E7 /* AppDelegate.swift in Sources */,
				013AB84F257D1EF100490AE7 /* HTTPClientError.swift in Sources */,
				013AB843257D112800490AE7 /* MovieTableViewCell.swift in Sources */,
				013AB856257D323B00490AE7 /* Movie.swift in Sources */,
				013C800E257BE8D900C001E7 /* SceneDelegate.swift in Sources */,
			);
			runOnlyForDeploymentPostprocessing = 0;
		};
/* End PBXSourcesBuildPhase section */

/* Begin PBXVariantGroup section */
		013C8011257BE8D900C001E7 /* Main.storyboard */ = {
			isa = PBXVariantGroup;
			children = (
				013C8012257BE8D900C001E7 /* Base */,
			);
			name = Main.storyboard;
			sourceTree = "<group>";
		};
		013C8016257BE8DB00C001E7 /* LaunchScreen.storyboard */ = {
			isa = PBXVariantGroup;
			children = (
				013C8017257BE8DB00C001E7 /* Base */,
			);
			name = LaunchScreen.storyboard;
			sourceTree = "<group>";
		};
/* End PBXVariantGroup section */

/* Begin XCBuildConfiguration section */
		013C801A257BE8DB00C001E7 /* Debug */ = {
			isa = XCBuildConfiguration;
			buildSettings = {
				ALWAYS_SEARCH_USER_PATHS = NO;
				CLANG_ANALYZER_NONNULL = YES;
				CLANG_ANALYZER_NUMBER_OBJECT_CONVERSION = YES_AGGRESSIVE;
				CLANG_CXX_LANGUAGE_STANDARD = "gnu++14";
				CLANG_CXX_LIBRARY = "libc++";
				CLANG_ENABLE_MODULES = YES;
				CLANG_ENABLE_OBJC_ARC = YES;
				CLANG_ENABLE_OBJC_WEAK = YES;
				CLANG_WARN_BLOCK_CAPTURE_AUTORELEASING = YES;
				CLANG_WARN_BOOL_CONVERSION = YES;
				CLANG_WARN_COMMA = YES;
				CLANG_WARN_CONSTANT_CONVERSION = YES;
				CLANG_WARN_DEPRECATED_OBJC_IMPLEMENTATIONS = YES;
				CLANG_WARN_DIRECT_OBJC_ISA_USAGE = YES_ERROR;
				CLANG_WARN_DOCUMENTATION_COMMENTS = YES;
				CLANG_WARN_EMPTY_BODY = YES;
				CLANG_WARN_ENUM_CONVERSION = YES;
				CLANG_WARN_INFINITE_RECURSION = YES;
				CLANG_WARN_INT_CONVERSION = YES;
				CLANG_WARN_NON_LITERAL_NULL_CONVERSION = YES;
				CLANG_WARN_OBJC_IMPLICIT_RETAIN_SELF = YES;
				CLANG_WARN_OBJC_LITERAL_CONVERSION = YES;
				CLANG_WARN_OBJC_ROOT_CLASS = YES_ERROR;
				CLANG_WARN_QUOTED_INCLUDE_IN_FRAMEWORK_HEADER = YES;
				CLANG_WARN_RANGE_LOOP_ANALYSIS = YES;
				CLANG_WARN_STRICT_PROTOTYPES = YES;
				CLANG_WARN_SUSPICIOUS_MOVE = YES;
				CLANG_WARN_UNGUARDED_AVAILABILITY = YES_AGGRESSIVE;
				CLANG_WARN_UNREACHABLE_CODE = YES;
				CLANG_WARN__DUPLICATE_METHOD_MATCH = YES;
				COPY_PHASE_STRIP = NO;
				DEBUG_INFORMATION_FORMAT = dwarf;
				ENABLE_STRICT_OBJC_MSGSEND = YES;
				ENABLE_TESTABILITY = YES;
				GCC_C_LANGUAGE_STANDARD = gnu11;
				GCC_DYNAMIC_NO_PIC = NO;
				GCC_NO_COMMON_BLOCKS = YES;
				GCC_OPTIMIZATION_LEVEL = 0;
				GCC_PREPROCESSOR_DEFINITIONS = (
					"DEBUG=1",
					"$(inherited)",
				);
				GCC_WARN_64_TO_32_BIT_CONVERSION = YES;
				GCC_WARN_ABOUT_RETURN_TYPE = YES_ERROR;
				GCC_WARN_UNDECLARED_SELECTOR = YES;
				GCC_WARN_UNINITIALIZED_AUTOS = YES_AGGRESSIVE;
				GCC_WARN_UNUSED_FUNCTION = YES;
				GCC_WARN_UNUSED_VARIABLE = YES;
				IPHONEOS_DEPLOYMENT_TARGET = 11.0;
				MTL_ENABLE_DEBUG_INFO = INCLUDE_SOURCE;
				MTL_FAST_MATH = YES;
				ONLY_ACTIVE_ARCH = YES;
				SDKROOT = iphoneos;
				SWIFT_ACTIVE_COMPILATION_CONDITIONS = DEBUG;
				SWIFT_OPTIMIZATION_LEVEL = "-Onone";
			};
			name = Debug;
		};
		013C801B257BE8DB00C001E7 /* Release */ = {
			isa = XCBuildConfiguration;
			buildSettings = {
				ALWAYS_SEARCH_USER_PATHS = NO;
				CLANG_ANALYZER_NONNULL = YES;
				CLANG_ANALYZER_NUMBER_OBJECT_CONVERSION = YES_AGGRESSIVE;
				CLANG_CXX_LANGUAGE_STANDARD = "gnu++14";
				CLANG_CXX_LIBRARY = "libc++";
				CLANG_ENABLE_MODULES = YES;
				CLANG_ENABLE_OBJC_ARC = YES;
				CLANG_ENABLE_OBJC_WEAK = YES;
				CLANG_WARN_BLOCK_CAPTURE_AUTORELEASING = YES;
				CLANG_WARN_BOOL_CONVERSION = YES;
				CLANG_WARN_COMMA = YES;
				CLANG_WARN_CONSTANT_CONVERSION = YES;
				CLANG_WARN_DEPRECATED_OBJC_IMPLEMENTATIONS = YES;
				CLANG_WARN_DIRECT_OBJC_ISA_USAGE = YES_ERROR;
				CLANG_WARN_DOCUMENTATION_COMMENTS = YES;
				CLANG_WARN_EMPTY_BODY = YES;
				CLANG_WARN_ENUM_CONVERSION = YES;
				CLANG_WARN_INFINITE_RECURSION = YES;
				CLANG_WARN_INT_CONVERSION = YES;
				CLANG_WARN_NON_LITERAL_NULL_CONVERSION = YES;
				CLANG_WARN_OBJC_IMPLICIT_RETAIN_SELF = YES;
				CLANG_WARN_OBJC_LITERAL_CONVERSION = YES;
				CLANG_WARN_OBJC_ROOT_CLASS = YES_ERROR;
				CLANG_WARN_QUOTED_INCLUDE_IN_FRAMEWORK_HEADER = YES;
				CLANG_WARN_RANGE_LOOP_ANALYSIS = YES;
				CLANG_WARN_STRICT_PROTOTYPES = YES;
				CLANG_WARN_SUSPICIOUS_MOVE = YES;
				CLANG_WARN_UNGUARDED_AVAILABILITY = YES_AGGRESSIVE;
				CLANG_WARN_UNREACHABLE_CODE = YES;
				CLANG_WARN__DUPLICATE_METHOD_MATCH = YES;
				COPY_PHASE_STRIP = NO;
				DEBUG_INFORMATION_FORMAT = "dwarf-with-dsym";
				ENABLE_NS_ASSERTIONS = NO;
				ENABLE_STRICT_OBJC_MSGSEND = YES;
				GCC_C_LANGUAGE_STANDARD = gnu11;
				GCC_NO_COMMON_BLOCKS = YES;
				GCC_WARN_64_TO_32_BIT_CONVERSION = YES;
				GCC_WARN_ABOUT_RETURN_TYPE = YES_ERROR;
				GCC_WARN_UNDECLARED_SELECTOR = YES;
				GCC_WARN_UNINITIALIZED_AUTOS = YES_AGGRESSIVE;
				GCC_WARN_UNUSED_FUNCTION = YES;
				GCC_WARN_UNUSED_VARIABLE = YES;
				IPHONEOS_DEPLOYMENT_TARGET = 11.0;
				MTL_ENABLE_DEBUG_INFO = NO;
				MTL_FAST_MATH = YES;
				SDKROOT = iphoneos;
				SWIFT_COMPILATION_MODE = wholemodule;
				SWIFT_OPTIMIZATION_LEVEL = "-O";
				VALIDATE_PRODUCT = YES;
			};
			name = Release;
		};
		013C801D257BE8DB00C001E7 /* Debug */ = {
			isa = XCBuildConfiguration;
			buildSettings = {
				ASSETCATALOG_COMPILER_APPICON_NAME = AppIcon;
				ASSETCATALOG_COMPILER_GLOBAL_ACCENT_COLOR_NAME = AccentColor;
				CODE_SIGN_STYLE = Automatic;
				DEVELOPMENT_TEAM = 34J4APBMGL;
				INFOPLIST_FILE = Lampa_TestTask/Info.plist;
				LD_RUNPATH_SEARCH_PATHS = (
					"$(inherited)",
					"@executable_path/Frameworks",
				);
				PRODUCT_BUNDLE_IDENTIFIER = "com.serhiibychin.Lampa-TestTask";
				PRODUCT_NAME = "$(TARGET_NAME)";
				SWIFT_VERSION = 5.0;
				TARGETED_DEVICE_FAMILY = "1,2";
			};
			name = Debug;
		};
		013C801E257BE8DB00C001E7 /* Release */ = {
			isa = XCBuildConfiguration;
			buildSettings = {
				ASSETCATALOG_COMPILER_APPICON_NAME = AppIcon;
				ASSETCATALOG_COMPILER_GLOBAL_ACCENT_COLOR_NAME = AccentColor;
				CODE_SIGN_STYLE = Automatic;
				DEVELOPMENT_TEAM = 34J4APBMGL;
				INFOPLIST_FILE = Lampa_TestTask/Info.plist;
				LD_RUNPATH_SEARCH_PATHS = (
					"$(inherited)",
					"@executable_path/Frameworks",
				);
				PRODUCT_BUNDLE_IDENTIFIER = "com.serhiibychin.Lampa-TestTask";
				PRODUCT_NAME = "$(TARGET_NAME)";
				SWIFT_VERSION = 5.0;
				TARGETED_DEVICE_FAMILY = "1,2";
			};
			name = Release;
		};
/* End XCBuildConfiguration section */

/* Begin XCConfigurationList section */
		013C8003257BE8D900C001E7 /* Build configuration list for PBXProject "Lampa_TestTask" */ = {
			isa = XCConfigurationList;
			buildConfigurations = (
				013C801A257BE8DB00C001E7 /* Debug */,
				013C801B257BE8DB00C001E7 /* Release */,
			);
			defaultConfigurationIsVisible = 0;
			defaultConfigurationName = Release;
		};
		013C801C257BE8DB00C001E7 /* Build configuration list for PBXNativeTarget "Lampa_TestTask" */ = {
			isa = XCConfigurationList;
			buildConfigurations = (
				013C801D257BE8DB00C001E7 /* Debug */,
				013C801E257BE8DB00C001E7 /* Release */,
			);
			defaultConfigurationIsVisible = 0;
			defaultConfigurationName = Release;
		};
/* End XCConfigurationList section */
	};
	rootObject = 013C8000257BE8D900C001E7 /* Project object */;
}
